
Microsoft Visual Studio Solution File, Format Version 12.00
# Visual Studio Version 16
VisualStudioVersion = 16.0.31727.386
MinimumVisualStudioVersion = 10.0.40219.1
Project("{159641D6-6404-4A2A-AE62-294DE0FE8301}") = "DataMart", "DataMart.dtproj", "{9C13AF00-9119-4F52-948F-37262CC23DE2}"
EndProject
Global
	GlobalSection(SolutionConfigurationPlatforms) = preSolution
		Development|Default = Development|Default
	EndGlobalSection
	GlobalSection(ProjectConfigurationPlatforms) = postSolution
		{9C13AF00-9119-4F52-948F-37262CC23DE2}.Development|Default.ActiveCfg = Development
		{9C13AF00-9119-4F52-948F-37262CC23DE2}.Development|Default.Build.0 = Development
	EndGlobalSection
	GlobalSection(SolutionProperties) = preSolution
		HideSolutionNode = FALSE
	EndGlobalSection
	GlobalSection(ExtensibilityGlobals) = postSolution
		SolutionGuid = {86AEE7EA-3DF7-4503-987D-9D505371B386}
	EndGlobalSection
EndGlobal
